
Microsoft Visual Studio Solution File, Format Version 12.00
# Visual Studio 15
Project("{FAE04EC0-301F-11D3-BF4B-00C04F79EFBC}") = "UnityEngine.UI", "UnityEngine.UI.csproj", "{87FB48AA-FF72-1972-3E82-0E4723E29860}"
EndProject
Project("{FAE04EC0-301F-11D3-BF4B-00C04F79EFBC}") = "Assembly-CSharp", "Assembly-CSharp.csproj", "{749CAFE3-5680-6E4A-5DF5-915B1203E2FC}"
EndProject
Project("{FAE04EC0-301F-11D3-BF4B-00C04F79EFBC}") = "UnityEditor.UI", "UnityEditor.UI.csproj", "{93C78015-B83D-17F5-B4C1-87458976399F}"
EndProject
Global
	GlobalSection(SolutionConfigurationPlatforms) = preSolution
		Debug|Any CPU = Debug|Any CPU
		Release|Any CPU = Release|Any CPU
	EndGlobalSection
	GlobalSection(ProjectConfigurationPlatforms) = postSolution
		{87FB48AA-FF72-1972-3E82-0E4723E29860}.Debug|Any CPU.ActiveCfg = Debug|Any CPU
		{87FB48AA-FF72-1972-3E82-0E4723E29860}.Debug|Any CPU.Build.0 = Debug|Any CPU
		{87FB48AA-FF72-1972-3E82-0E4723E29860}.Release|Any CPU.ActiveCfg = Release|Any CPU
		{87FB48AA-FF72-1972-3E82-0E4723E29860}.Release|Any CPU.Build.0 = Release|Any CPU
		{749CAFE3-5680-6E4A-5DF5-915B1203E2FC}.Debug|Any CPU.ActiveCfg = Debug|Any CPU
		{749CAFE3-5680-6E4A-5DF5-915B1203E2FC}.Debug|Any CPU.Build.0 = Debug|Any CPU
		{749CAFE3-5680-6E4A-5DF5-915B1203E2FC}.Release|Any CPU.ActiveCfg = Release|Any CPU
		{749CAFE3-5680-6E4A-5DF5-915B1203E2FC}.Release|Any CPU.Build.0 = Release|Any CPU
		{93C78015-B83D-17F5-B4C1-87458976399F}.Debug|Any CPU.ActiveCfg = Debug|Any CPU
		{93C78015-B83D-17F5-B4C1-87458976399F}.Debug|Any CPU.Build.0 = Debug|Any CPU
		{93C78015-B83D-17F5-B4C1-87458976399F}.Release|Any CPU.ActiveCfg = Release|Any CPU
		{93C78015-B83D-17F5-B4C1-87458976399F}.Release|Any CPU.Build.0 = Release|Any CPU
	EndGlobalSection
	GlobalSection(SolutionProperties) = preSolution
		HideSolutionNode = FALSE
	EndGlobalSection
EndGlobal
